// !$*UTF8*$!
{
	archiveVersion = 1;
	classes = {
	};
	objectVersion = 56;
	objects = {

/* Begin PBXBuildFile section */
		64FB9AA449AE253308E4F447 /* Pods_Onboarding.framework in Frameworks */ = {isa = PBXBuildFile; fileRef = 47C5BB0F6F770A33E35774D1 /* Pods_Onboarding.framework */; };
		9332A36E2C11C1B5004E195E /* AppDelegate.swift in Sources */ = {isa = PBXBuildFile; fileRef = 9332A36D2C11C1B5004E195E /* AppDelegate.swift */; };
		9332A3722C11C1B5004E195E /* ViewController.swift in Sources */ = {isa = PBXBuildFile; fileRef = 9332A3712C11C1B5004E195E /* ViewController.swift */; };
		9332A3772C11C1B8004E195E /* Assets.xcassets in Resources */ = {isa = PBXBuildFile; fileRef = 9332A3762C11C1B8004E195E /* Assets.xcassets */; };
		9332A37A2C11C1B8004E195E /* Base in Resources */ = {isa = PBXBuildFile; fileRef = 9332A3792C11C1B8004E195E /* Base */; };
		93D110992C11FC0500077DFB /* AppCoordinator.swift in Sources */ = {isa = PBXBuildFile; fileRef = 93D110982C11FC0500077DFB /* AppCoordinator.swift */; };
		93D1109C2C11FC3400077DFB /* Coordinator.swift in Sources */ = {isa = PBXBuildFile; fileRef = 93D1109B2C11FC3400077DFB /* Coordinator.swift */; };
		93D110A12C11FCDD00077DFB /* OnboardingScreensViewModel.swift in Sources */ = {isa = PBXBuildFile; fileRef = 93D110A02C11FCDD00077DFB /* OnboardingScreensViewModel.swift */; };
		93D110A62C11FD1500077DFB /* PaymentError.swift in Sources */ = {isa = PBXBuildFile; fileRef = 93D110A52C11FD1500077DFB /* PaymentError.swift */; };
		93D110A82C11FD4300077DFB /* SubscriptionServiceProtocol.swift in Sources */ = {isa = PBXBuildFile; fileRef = 93D110A72C11FD4300077DFB /* SubscriptionServiceProtocol.swift */; };
		93D110AA2C11FD5E00077DFB /* PrivacyCenterOption.swift in Sources */ = {isa = PBXBuildFile; fileRef = 93D110A92C11FD5E00077DFB /* PrivacyCenterOption.swift */; };
		93D110AD2C120A1B00077DFB /* ActionButtonConfig.swift in Sources */ = {isa = PBXBuildFile; fileRef = 93D110AC2C120A1B00077DFB /* ActionButtonConfig.swift */; };
		93D110AF2C120A7400077DFB /* OnboardingItem.swift in Sources */ = {isa = PBXBuildFile; fileRef = 93D110AE2C120A7400077DFB /* OnboardingItem.swift */; };
		93D110B22C120BE600077DFB /* SFUIText-Semibold.ttf in Resources */ = {isa = PBXBuildFile; fileRef = 93D110B12C120BE600077DFB /* SFUIText-Semibold.ttf */; };
		93D110B72C120C8900077DFB /* SFProDisplay-Bold.otf in Resources */ = {isa = PBXBuildFile; fileRef = 93D110B32C120C8800077DFB /* SFProDisplay-Bold.otf */; };
		93D110B82C120C8900077DFB /* SFProDisplay-Medium.otf in Resources */ = {isa = PBXBuildFile; fileRef = 93D110B42C120C8800077DFB /* SFProDisplay-Medium.otf */; };
		93D110B92C120C8900077DFB /* SFProDisplay-Semibold.otf in Resources */ = {isa = PBXBuildFile; fileRef = 93D110B52C120C8900077DFB /* SFProDisplay-Semibold.otf */; };
		93D110BA2C120C8900077DFB /* SFProDisplay-Regular.otf in Resources */ = {isa = PBXBuildFile; fileRef = 93D110B62C120C8900077DFB /* SFProDisplay-Regular.otf */; };
		93D110BC2C120CCA00077DFB /* Constants.swift in Sources */ = {isa = PBXBuildFile; fileRef = 93D110BB2C120CCA00077DFB /* Constants.swift */; };
		93D110C12C120EBD00077DFB /* InAppPurchaseService.swift in Sources */ = {isa = PBXBuildFile; fileRef = 93D110C02C120EBD00077DFB /* InAppPurchaseService.swift */; };
		93D110C32C1210B000077DFB /* OnboardingEvent.swift in Sources */ = {isa = PBXBuildFile; fileRef = 93D110C22C1210B000077DFB /* OnboardingEvent.swift */; };
		93D110C62C12181E00077DFB /* NetworkService.swift in Sources */ = {isa = PBXBuildFile; fileRef = 93D110C52C12181E00077DFB /* NetworkService.swift */; };
		93D110C92C121B1F00077DFB /* OnboardingPageView.swift in Sources */ = {isa = PBXBuildFile; fileRef = 93D110C82C121B1F00077DFB /* OnboardingPageView.swift */; };
		93D110CC2C1319EF00077DFB /* APIEndpoints.swift in Sources */ = {isa = PBXBuildFile; fileRef = 93D110CB2C1319EF00077DFB /* APIEndpoints.swift */; };
		93D110CF2C131C7600077DFB /* OnboardingItemsResponse+Mapping.swift in Sources */ = {isa = PBXBuildFile; fileRef = 93D110CE2C131C7600077DFB /* OnboardingItemsResponse+Mapping.swift */; };
		93D110D12C13246600077DFB /* OnboardingItemsRequest+Mapping.swift.swift in Sources */ = {isa = PBXBuildFile; fileRef = 93D110D02C13246600077DFB /* OnboardingItemsRequest+Mapping.swift.swift */; };
		93D110D32C13267300077DFB /* EndpointsInstructions.swift in Sources */ = {isa = PBXBuildFile; fileRef = 93D110D22C13267300077DFB /* EndpointsInstructions.swift */; };
/* End PBXBuildFile section */

/* Begin PBXFileReference section */
		1406F42D5A3912FFD63270D3 /* Pods-Onboarding.release.xcconfig */ = {isa = PBXFileReference; includeInIndex = 1; lastKnownFileType = text.xcconfig; name = "Pods-Onboarding.release.xcconfig"; path = "Target Support Files/Pods-Onboarding/Pods-Onboarding.release.xcconfig"; sourceTree = "<group>"; };
		47C5BB0F6F770A33E35774D1 /* Pods_Onboarding.framework */ = {isa = PBXFileReference; explicitFileType = wrapper.framework; includeInIndex = 0; path = Pods_Onboarding.framework; sourceTree = BUILT_PRODUCTS_DIR; };
		9332A36A2C11C1B5004E195E /* Onboarding.app */ = {isa = PBXFileReference; explicitFileType = wrapper.application; includeInIndex = 0; path = Onboarding.app; sourceTree = BUILT_PRODUCTS_DIR; };
		9332A36D2C11C1B5004E195E /* AppDelegate.swift */ = {isa = PBXFileReference; lastKnownFileType = sourcecode.swift; path = AppDelegate.swift; sourceTree = "<group>"; };
		9332A3712C11C1B5004E195E /* ViewController.swift */ = {isa = PBXFileReference; lastKnownFileType = sourcecode.swift; path = ViewController.swift; sourceTree = "<group>"; };
		9332A3762C11C1B8004E195E /* Assets.xcassets */ = {isa = PBXFileReference; lastKnownFileType = folder.assetcatalog; path = Assets.xcassets; sourceTree = "<group>"; };
		9332A3792C11C1B8004E195E /* Base */ = {isa = PBXFileReference; lastKnownFileType = file.storyboard; name = Base; path = Base.lproj/LaunchScreen.storyboard; sourceTree = "<group>"; };
		9332A37B2C11C1B8004E195E /* Info.plist */ = {isa = PBXFileReference; lastKnownFileType = text.plist.xml; path = Info.plist; sourceTree = "<group>"; };
		93D110982C11FC0500077DFB /* AppCoordinator.swift */ = {isa = PBXFileReference; lastKnownFileType = sourcecode.swift; path = AppCoordinator.swift; sourceTree = "<group>"; };
		93D1109B2C11FC3400077DFB /* Coordinator.swift */ = {isa = PBXFileReference; lastKnownFileType = sourcecode.swift; path = Coordinator.swift; sourceTree = "<group>"; };
		93D110A02C11FCDD00077DFB /* OnboardingScreensViewModel.swift */ = {isa = PBXFileReference; lastKnownFileType = sourcecode.swift; path = OnboardingScreensViewModel.swift; sourceTree = "<group>"; };
		93D110A52C11FD1500077DFB /* PaymentError.swift */ = {isa = PBXFileReference; lastKnownFileType = sourcecode.swift; path = PaymentError.swift; sourceTree = "<group>"; };
		93D110A72C11FD4300077DFB /* SubscriptionServiceProtocol.swift */ = {isa = PBXFileReference; lastKnownFileType = sourcecode.swift; path = SubscriptionServiceProtocol.swift; sourceTree = "<group>"; };
		93D110A92C11FD5E00077DFB /* PrivacyCenterOption.swift */ = {isa = PBXFileReference; lastKnownFileType = sourcecode.swift; path = PrivacyCenterOption.swift; sourceTree = "<group>"; };
		93D110AC2C120A1B00077DFB /* ActionButtonConfig.swift */ = {isa = PBXFileReference; lastKnownFileType = sourcecode.swift; path = ActionButtonConfig.swift; sourceTree = "<group>"; };
		93D110AE2C120A7400077DFB /* OnboardingItem.swift */ = {isa = PBXFileReference; lastKnownFileType = sourcecode.swift; path = OnboardingItem.swift; sourceTree = "<group>"; };
		93D110B12C120BE600077DFB /* SFUIText-Semibold.ttf */ = {isa = PBXFileReference; lastKnownFileType = file; path = "SFUIText-Semibold.ttf"; sourceTree = "<group>"; };
		93D110B32C120C8800077DFB /* SFProDisplay-Bold.otf */ = {isa = PBXFileReference; lastKnownFileType = file; path = "SFProDisplay-Bold.otf"; sourceTree = "<group>"; };
		93D110B42C120C8800077DFB /* SFProDisplay-Medium.otf */ = {isa = PBXFileReference; lastKnownFileType = file; path = "SFProDisplay-Medium.otf"; sourceTree = "<group>"; };
		93D110B52C120C8900077DFB /* SFProDisplay-Semibold.otf */ = {isa = PBXFileReference; lastKnownFileType = file; path = "SFProDisplay-Semibold.otf"; sourceTree = "<group>"; };
		93D110B62C120C8900077DFB /* SFProDisplay-Regular.otf */ = {isa = PBXFileReference; lastKnownFileType = file; path = "SFProDisplay-Regular.otf"; sourceTree = "<group>"; };
		93D110BB2C120CCA00077DFB /* Constants.swift */ = {isa = PBXFileReference; lastKnownFileType = sourcecode.swift; path = Constants.swift; sourceTree = "<group>"; };
		93D110C02C120EBD00077DFB /* InAppPurchaseService.swift */ = {isa = PBXFileReference; lastKnownFileType = sourcecode.swift; path = InAppPurchaseService.swift; sourceTree = "<group>"; };
		93D110C22C1210B000077DFB /* OnboardingEvent.swift */ = {isa = PBXFileReference; lastKnownFileType = sourcecode.swift; path = OnboardingEvent.swift; sourceTree = "<group>"; };
		93D110C52C12181E00077DFB /* NetworkService.swift */ = {isa = PBXFileReference; lastKnownFileType = sourcecode.swift; path = NetworkService.swift; sourceTree = "<group>"; };
		93D110C82C121B1F00077DFB /* OnboardingPageView.swift */ = {isa = PBXFileReference; lastKnownFileType = sourcecode.swift; path = OnboardingPageView.swift; sourceTree = "<group>"; };
		93D110CB2C1319EF00077DFB /* APIEndpoints.swift */ = {isa = PBXFileReference; lastKnownFileType = sourcecode.swift; path = APIEndpoints.swift; sourceTree = "<group>"; };
		93D110CE2C131C7600077DFB /* OnboardingItemsResponse+Mapping.swift */ = {isa = PBXFileReference; lastKnownFileType = sourcecode.swift; path = "OnboardingItemsResponse+Mapping.swift"; sourceTree = "<group>"; };
		93D110D02C13246600077DFB /* OnboardingItemsRequest+Mapping.swift.swift */ = {isa = PBXFileReference; lastKnownFileType = sourcecode.swift; path = "OnboardingItemsRequest+Mapping.swift.swift"; sourceTree = "<group>"; };
		93D110D22C13267300077DFB /* EndpointsInstructions.swift */ = {isa = PBXFileReference; lastKnownFileType = sourcecode.swift; path = EndpointsInstructions.swift; sourceTree = "<group>"; };
		FF7BB7FCA19095A643A0C6E9 /* Pods-Onboarding.debug.xcconfig */ = {isa = PBXFileReference; includeInIndex = 1; lastKnownFileType = text.xcconfig; name = "Pods-Onboarding.debug.xcconfig"; path = "Target Support Files/Pods-Onboarding/Pods-Onboarding.debug.xcconfig"; sourceTree = "<group>"; };
/* End PBXFileReference section */

/* Begin PBXFrameworksBuildPhase section */
		9332A3672C11C1B5004E195E /* Frameworks */ = {
			isa = PBXFrameworksBuildPhase;
			buildActionMask = 2147483647;
			files = (
				64FB9AA449AE253308E4F447 /* Pods_Onboarding.framework in Frameworks */,
			);
			runOnlyForDeploymentPostprocessing = 0;
		};
/* End PBXFrameworksBuildPhase section */

/* Begin PBXGroup section */
		28B9316BCD0B33A825B2E44A /* Frameworks */ = {
			isa = PBXGroup;
			children = (
				47C5BB0F6F770A33E35774D1 /* Pods_Onboarding.framework */,
			);
			name = Frameworks;
			sourceTree = "<group>";
		};
		74E69E62B152F8F70DCF1A67 /* Pods */ = {
			isa = PBXGroup;
			children = (
				FF7BB7FCA19095A643A0C6E9 /* Pods-Onboarding.debug.xcconfig */,
				1406F42D5A3912FFD63270D3 /* Pods-Onboarding.release.xcconfig */,
			);
			path = Pods;
			sourceTree = "<group>";
		};
		9332A3612C11C1B5004E195E = {
			isa = PBXGroup;
			children = (
				9332A36C2C11C1B5004E195E /* Onboarding */,
				9332A36B2C11C1B5004E195E /* Products */,
				74E69E62B152F8F70DCF1A67 /* Pods */,
				28B9316BCD0B33A825B2E44A /* Frameworks */,
			);
			sourceTree = "<group>";
		};
		9332A36B2C11C1B5004E195E /* Products */ = {
			isa = PBXGroup;
			children = (
				9332A36A2C11C1B5004E195E /* Onboarding.app */,
			);
			name = Products;
			sourceTree = "<group>";
		};
		9332A36C2C11C1B5004E195E /* Onboarding */ = {
			isa = PBXGroup;
			children = (
				93D110BE2C120EA000077DFB /* Data */,
				93D110952C11F9AB00077DFB /* Utils */,
				9332A3842C11E37E004E195E /* Domain */,
				9332A3832C11DF53004E195E /* Presentation */,
				9332A3822C11C27E004E195E /* Application */,
				9332A3812C11C25A004E195E /* Resources */,
			);
			path = Onboarding;
			sourceTree = "<group>";
		};
		9332A3812C11C25A004E195E /* Resources */ = {
			isa = PBXGroup;
			children = (
				93D110B02C120BD200077DFB /* Fonts */,
				9332A3782C11C1B8004E195E /* LaunchScreen.storyboard */,
				9332A3762C11C1B8004E195E /* Assets.xcassets */,
				9332A37B2C11C1B8004E195E /* Info.plist */,
			);
			path = Resources;
			sourceTree = "<group>";
		};
		9332A3822C11C27E004E195E /* Application */ = {
			isa = PBXGroup;
			children = (
				9332A36D2C11C1B5004E195E /* AppDelegate.swift */,
			);
			path = Application;
			sourceTree = "<group>";
		};
		9332A3832C11DF53004E195E /* Presentation */ = {
			isa = PBXGroup;
			children = (
				93D1109D2C11FCA700077DFB /* Onboarding */,
				93D110972C11FBF400077DFB /* Coordinator */,
			);
			path = Presentation;
			sourceTree = "<group>";
		};
		9332A3842C11E37E004E195E /* Domain */ = {
			isa = PBXGroup;
			children = (
				93D110AB2C120A0B00077DFB /* Onboarding */,
				93D110A22C11FCF200077DFB /* InAppPurchaseService */,
				93D1109A2C11FC2400077DFB /* Coordinator */,
				93D110942C11E51200077DFB /* PrivacyCenter */,
			);
			path = Domain;
			sourceTree = "<group>";
		};
		93D110942C11E51200077DFB /* PrivacyCenter */ = {
			isa = PBXGroup;
			children = (
				93D110A92C11FD5E00077DFB /* PrivacyCenterOption.swift */,
			);
			path = PrivacyCenter;
			sourceTree = "<group>";
		};
		93D110952C11F9AB00077DFB /* Utils */ = {
			isa = PBXGroup;
			children = (
				93D110C42C1217F600077DFB /* Networking */,
				93D110962C11F9C600077DFB /* Extensions */,
				93D110BB2C120CCA00077DFB /* Constants.swift */,
			);
			path = Utils;
			sourceTree = "<group>";
		};
		93D110962C11F9C600077DFB /* Extensions */ = {
			isa = PBXGroup;
			children = (
			);
			path = Extensions;
			sourceTree = "<group>";
		};
		93D110972C11FBF400077DFB /* Coordinator */ = {
			isa = PBXGroup;
			children = (
				93D110982C11FC0500077DFB /* AppCoordinator.swift */,
			);
			path = Coordinator;
			sourceTree = "<group>";
		};
		93D1109A2C11FC2400077DFB /* Coordinator */ = {
			isa = PBXGroup;
			children = (
				93D1109B2C11FC3400077DFB /* Coordinator.swift */,
			);
			path = Coordinator;
			sourceTree = "<group>";
		};
		93D1109D2C11FCA700077DFB /* Onboarding */ = {
			isa = PBXGroup;
			children = (
				93D1109F2C11FCBC00077DFB /* View */,
				93D1109E2C11FCB400077DFB /* ViewModel */,
			);
			path = Onboarding;
			sourceTree = "<group>";
		};
		93D1109E2C11FCB400077DFB /* ViewModel */ = {
			isa = PBXGroup;
			children = (
				93D110A02C11FCDD00077DFB /* OnboardingScreensViewModel.swift */,
			);
			path = ViewModel;
			sourceTree = "<group>";
		};
		93D1109F2C11FCBC00077DFB /* View */ = {
			isa = PBXGroup;
			children = (
				93D110C72C121AFF00077DFB /* Subviews */,
				9332A3712C11C1B5004E195E /* ViewController.swift */,
			);
			path = View;
			sourceTree = "<group>";
		};
		93D110A22C11FCF200077DFB /* InAppPurchaseService */ = {
			isa = PBXGroup;
			children = (
				93D110A42C11FD0200077DFB /* Protocols */,
				93D110A32C11FCFC00077DFB /* Errors */,
			);
			path = InAppPurchaseService;
			sourceTree = "<group>";
		};
		93D110A32C11FCFC00077DFB /* Errors */ = {
			isa = PBXGroup;
			children = (
				93D110A52C11FD1500077DFB /* PaymentError.swift */,
			);
			path = Errors;
			sourceTree = "<group>";
		};
		93D110A42C11FD0200077DFB /* Protocols */ = {
			isa = PBXGroup;
			children = (
				93D110A72C11FD4300077DFB /* SubscriptionServiceProtocol.swift */,
			);
			path = Protocols;
			sourceTree = "<group>";
		};
		93D110AB2C120A0B00077DFB /* Onboarding */ = {
			isa = PBXGroup;
			children = (
				93D110AE2C120A7400077DFB /* OnboardingItem.swift */,
				93D110AC2C120A1B00077DFB /* ActionButtonConfig.swift */,
				93D110C22C1210B000077DFB /* OnboardingEvent.swift */,
			);
			path = Onboarding;
			sourceTree = "<group>";
		};
		93D110B02C120BD200077DFB /* Fonts */ = {
			isa = PBXGroup;
			children = (
				93D110B32C120C8800077DFB /* SFProDisplay-Bold.otf */,
				93D110B42C120C8800077DFB /* SFProDisplay-Medium.otf */,
				93D110B62C120C8900077DFB /* SFProDisplay-Regular.otf */,
				93D110B52C120C8900077DFB /* SFProDisplay-Semibold.otf */,
				93D110B12C120BE600077DFB /* SFUIText-Semibold.ttf */,
			);
			path = Fonts;
			sourceTree = "<group>";
		};
		93D110BE2C120EA000077DFB /* Data */ = {
			isa = PBXGroup;
			children = (
				93D110CA2C1319B800077DFB /* Network */,
				93D110BF2C120EA500077DFB /* Subscription */,
			);
			path = Data;
			sourceTree = "<group>";
		};
		93D110BF2C120EA500077DFB /* Subscription */ = {
			isa = PBXGroup;
			children = (
				93D110C02C120EBD00077DFB /* InAppPurchaseService.swift */,
			);
			path = Subscription;
			sourceTree = "<group>";
		};
		93D110C42C1217F600077DFB /* Networking */ = {
			isa = PBXGroup;
			children = (
				93D110C52C12181E00077DFB /* NetworkService.swift */,
			);
			path = Networking;
			sourceTree = "<group>";
		};
		93D110C72C121AFF00077DFB /* Subviews */ = {
			isa = PBXGroup;
			children = (
				93D110C82C121B1F00077DFB /* OnboardingPageView.swift */,
			);
			path = Subviews;
			sourceTree = "<group>";
		};
		93D110CA2C1319B800077DFB /* Network */ = {
			isa = PBXGroup;
			children = (
				93D110CD2C131AE300077DFB /* DataMapping */,
				93D110CB2C1319EF00077DFB /* APIEndpoints.swift */,
				93D110D22C13267300077DFB /* EndpointsInstructions.swift */,
			);
			path = Network;
			sourceTree = "<group>";
		};
		93D110CD2C131AE300077DFB /* DataMapping */ = {
			isa = PBXGroup;
			children = (
				93D110CE2C131C7600077DFB /* OnboardingItemsResponse+Mapping.swift */,
				93D110D02C13246600077DFB /* OnboardingItemsRequest+Mapping.swift.swift */,
			);
			path = DataMapping;
			sourceTree = "<group>";
		};
/* End PBXGroup section */

/* Begin PBXNativeTarget section */
		9332A3692C11C1B5004E195E /* Onboarding */ = {
			isa = PBXNativeTarget;
			buildConfigurationList = 9332A37E2C11C1B8004E195E /* Build configuration list for PBXNativeTarget "Onboarding" */;
			buildPhases = (
				E94D2F2AC70566F838E72F3A /* [CP] Check Pods Manifest.lock */,
				9332A3662C11C1B5004E195E /* Sources */,
				9332A3672C11C1B5004E195E /* Frameworks */,
				9332A3682C11C1B5004E195E /* Resources */,
				4DCCC9FF649C4DD13751E738 /* [CP] Embed Pods Frameworks */,
			);
			buildRules = (
			);
			dependencies = (
			);
			name = Onboarding;
			productName = Onboarding;
			productReference = 9332A36A2C11C1B5004E195E /* Onboarding.app */;
			productType = "com.apple.product-type.application";
		};
/* End PBXNativeTarget section */

/* Begin PBXProject section */
		9332A3622C11C1B5004E195E /* Project object */ = {
			isa = PBXProject;
			attributes = {
				BuildIndependentTargetsInParallel = 1;
				LastSwiftUpdateCheck = 1540;
				LastUpgradeCheck = 1540;
				TargetAttributes = {
					9332A3692C11C1B5004E195E = {
						CreatedOnToolsVersion = 15.4;
					};
				};
			};
			buildConfigurationList = 9332A3652C11C1B5004E195E /* Build configuration list for PBXProject "Onboarding" */;
			compatibilityVersion = "Xcode 14.0";
			developmentRegion = en;
			hasScannedForEncodings = 0;
			knownRegions = (
				en,
				Base,
			);
			mainGroup = 9332A3612C11C1B5004E195E;
			productRefGroup = 9332A36B2C11C1B5004E195E /* Products */;
			projectDirPath = "";
			projectRoot = "";
			targets = (
				9332A3692C11C1B5004E195E /* Onboarding */,
			);
		};
/* End PBXProject section */

/* Begin PBXResourcesBuildPhase section */
		9332A3682C11C1B5004E195E /* Resources */ = {
			isa = PBXResourcesBuildPhase;
			buildActionMask = 2147483647;
			files = (
				93D110B92C120C8900077DFB /* SFProDisplay-Semibold.otf in Resources */,
				9332A3772C11C1B8004E195E /* Assets.xcassets in Resources */,
				93D110B22C120BE600077DFB /* SFUIText-Semibold.ttf in Resources */,
				93D110B72C120C8900077DFB /* SFProDisplay-Bold.otf in Resources */,
				9332A37A2C11C1B8004E195E /* Base in Resources */,
				93D110BA2C120C8900077DFB /* SFProDisplay-Regular.otf in Resources */,
				93D110B82C120C8900077DFB /* SFProDisplay-Medium.otf in Resources */,
			);
			runOnlyForDeploymentPostprocessing = 0;
		};
/* End PBXResourcesBuildPhase section */

/* Begin PBXShellScriptBuildPhase section */
		4DCCC9FF649C4DD13751E738 /* [CP] Embed Pods Frameworks */ = {
			isa = PBXShellScriptBuildPhase;
			buildActionMask = 2147483647;
			files = (
			);
			inputFileListPaths = (
				"${PODS_ROOT}/Target Support Files/Pods-Onboarding/Pods-Onboarding-frameworks-${CONFIGURATION}-input-files.xcfilelist",
			);
			name = "[CP] Embed Pods Frameworks";
			outputFileListPaths = (
				"${PODS_ROOT}/Target Support Files/Pods-Onboarding/Pods-Onboarding-frameworks-${CONFIGURATION}-output-files.xcfilelist",
			);
			runOnlyForDeploymentPostprocessing = 0;
			shellPath = /bin/sh;
			shellScript = "\"${PODS_ROOT}/Target Support Files/Pods-Onboarding/Pods-Onboarding-frameworks.sh\"\n";
			showEnvVarsInLog = 0;
		};
		E94D2F2AC70566F838E72F3A /* [CP] Check Pods Manifest.lock */ = {
			isa = PBXShellScriptBuildPhase;
			buildActionMask = 2147483647;
			files = (
			);
			inputFileListPaths = (
			);
			inputPaths = (
				"${PODS_PODFILE_DIR_PATH}/Podfile.lock",
				"${PODS_ROOT}/Manifest.lock",
			);
			name = "[CP] Check Pods Manifest.lock";
			outputFileListPaths = (
			);
			outputPaths = (
				"$(DERIVED_FILE_DIR)/Pods-Onboarding-checkManifestLockResult.txt",
			);
			runOnlyForDeploymentPostprocessing = 0;
			shellPath = /bin/sh;
			shellScript = "diff \"${PODS_PODFILE_DIR_PATH}/Podfile.lock\" \"${PODS_ROOT}/Manifest.lock\" > /dev/null\nif [ $? != 0 ] ; then\n    # print error to STDERR\n    echo \"error: The sandbox is not in sync with the Podfile.lock. Run 'pod install' or update your CocoaPods installation.\" >&2\n    exit 1\nfi\n# This output is used by Xcode 'outputs' to avoid re-running this script phase.\necho \"SUCCESS\" > \"${SCRIPT_OUTPUT_FILE_0}\"\n";
			showEnvVarsInLog = 0;
		};
/* End PBXShellScriptBuildPhase section */

/* Begin PBXSourcesBuildPhase section */
		9332A3662C11C1B5004E195E /* Sources */ = {
			isa = PBXSourcesBuildPhase;
			buildActionMask = 2147483647;
			files = (
				93D110C92C121B1F00077DFB /* OnboardingPageView.swift in Sources */,
				93D110A62C11FD1500077DFB /* PaymentError.swift in Sources */,
				93D110C62C12181E00077DFB /* NetworkService.swift in Sources */,
				93D110CF2C131C7600077DFB /* OnboardingItemsResponse+Mapping.swift in Sources */,
				93D110D32C13267300077DFB /* EndpointsInstructions.swift in Sources */,
				93D110A12C11FCDD00077DFB /* OnboardingScreensViewModel.swift in Sources */,
				93D110992C11FC0500077DFB /* AppCoordinator.swift in Sources */,
				93D110AA2C11FD5E00077DFB /* PrivacyCenterOption.swift in Sources */,
				9332A3722C11C1B5004E195E /* ViewController.swift in Sources */,
				93D110AF2C120A7400077DFB /* OnboardingItem.swift in Sources */,
				93D110D12C13246600077DFB /* OnboardingItemsRequest+Mapping.swift.swift in Sources */,
				93D110A82C11FD4300077DFB /* SubscriptionServiceProtocol.swift in Sources */,
				93D110C32C1210B000077DFB /* OnboardingEvent.swift in Sources */,
				93D1109C2C11FC3400077DFB /* Coordinator.swift in Sources */,
				93D110CC2C1319EF00077DFB /* APIEndpoints.swift in Sources */,
				9332A36E2C11C1B5004E195E /* AppDelegate.swift in Sources */,
				93D110C12C120EBD00077DFB /* InAppPurchaseService.swift in Sources */,
				93D110AD2C120A1B00077DFB /* ActionButtonConfig.swift in Sources */,
				93D110BC2C120CCA00077DFB /* Constants.swift in Sources */,
			);
			runOnlyForDeploymentPostprocessing = 0;
		};
/* End PBXSourcesBuildPhase section */

/* Begin PBXVariantGroup section */
		9332A3782C11C1B8004E195E /* LaunchScreen.storyboard */ = {
			isa = PBXVariantGroup;
			children = (
				9332A3792C11C1B8004E195E /* Base */,
			);
			name = LaunchScreen.storyboard;
			sourceTree = "<group>";
		};
/* End PBXVariantGroup section */

/* Begin XCBuildConfiguration section */
		9332A37C2C11C1B8004E195E /* Debug */ = {
			isa = XCBuildConfiguration;
			buildSettings = {
				ALWAYS_SEARCH_USER_PATHS = NO;
				ASSETCATALOG_COMPILER_GENERATE_SWIFT_ASSET_SYMBOL_EXTENSIONS = YES;
				CLANG_ANALYZER_NONNULL = YES;
				CLANG_ANALYZER_NUMBER_OBJECT_CONVERSION = YES_AGGRESSIVE;
				CLANG_CXX_LANGUAGE_STANDARD = "gnu++20";
				CLANG_ENABLE_MODULES = YES;
				CLANG_ENABLE_OBJC_ARC = YES;
				CLANG_ENABLE_OBJC_WEAK = YES;
				CLANG_WARN_BLOCK_CAPTURE_AUTORELEASING = YES;
				CLANG_WARN_BOOL_CONVERSION = YES;
				CLANG_WARN_COMMA = YES;
				CLANG_WARN_CONSTANT_CONVERSION = YES;
				CLANG_WARN_DEPRECATED_OBJC_IMPLEMENTATIONS = YES;
				CLANG_WARN_DIRECT_OBJC_ISA_USAGE = YES_ERROR;
				CLANG_WARN_DOCUMENTATION_COMMENTS = YES;
				CLANG_WARN_EMPTY_BODY = YES;
				CLANG_WARN_ENUM_CONVERSION = YES;
				CLANG_WARN_INFINITE_RECURSION = YES;
				CLANG_WARN_INT_CONVERSION = YES;
				CLANG_WARN_NON_LITERAL_NULL_CONVERSION = YES;
				CLANG_WARN_OBJC_IMPLICIT_RETAIN_SELF = YES;
				CLANG_WARN_OBJC_LITERAL_CONVERSION = YES;
				CLANG_WARN_OBJC_ROOT_CLASS = YES_ERROR;
				CLANG_WARN_QUOTED_INCLUDE_IN_FRAMEWORK_HEADER = YES;
				CLANG_WARN_RANGE_LOOP_ANALYSIS = YES;
				CLANG_WARN_STRICT_PROTOTYPES = YES;
				CLANG_WARN_SUSPICIOUS_MOVE = YES;
				CLANG_WARN_UNGUARDED_AVAILABILITY = YES_AGGRESSIVE;
				CLANG_WARN_UNREACHABLE_CODE = YES;
				CLANG_WARN__DUPLICATE_METHOD_MATCH = YES;
				COPY_PHASE_STRIP = NO;
				DEBUG_INFORMATION_FORMAT = dwarf;
				ENABLE_STRICT_OBJC_MSGSEND = YES;
				ENABLE_TESTABILITY = YES;
				ENABLE_USER_SCRIPT_SANDBOXING = NO;
				GCC_C_LANGUAGE_STANDARD = gnu17;
				GCC_DYNAMIC_NO_PIC = NO;
				GCC_NO_COMMON_BLOCKS = YES;
				GCC_OPTIMIZATION_LEVEL = 0;
				GCC_PREPROCESSOR_DEFINITIONS = (
					"DEBUG=1",
					"$(inherited)",
				);
				GCC_WARN_64_TO_32_BIT_CONVERSION = YES;
				GCC_WARN_ABOUT_RETURN_TYPE = YES_ERROR;
				GCC_WARN_UNDECLARED_SELECTOR = YES;
				GCC_WARN_UNINITIALIZED_AUTOS = YES_AGGRESSIVE;
				GCC_WARN_UNUSED_FUNCTION = YES;
				GCC_WARN_UNUSED_VARIABLE = YES;
				IPHONEOS_DEPLOYMENT_TARGET = 16.0;
				LOCALIZATION_PREFERS_STRING_CATALOGS = YES;
				MTL_ENABLE_DEBUG_INFO = INCLUDE_SOURCE;
				MTL_FAST_MATH = YES;
				ONLY_ACTIVE_ARCH = YES;
				SDKROOT = iphoneos;
				SWIFT_ACTIVE_COMPILATION_CONDITIONS = "DEBUG $(inherited)";
				SWIFT_OPTIMIZATION_LEVEL = "-Onone";
			};
			name = Debug;
		};
		9332A37D2C11C1B8004E195E /* Release */ = {
			isa = XCBuildConfiguration;
			buildSettings = {
				ALWAYS_SEARCH_USER_PATHS = NO;
				ASSETCATALOG_COMPILER_GENERATE_SWIFT_ASSET_SYMBOL_EXTENSIONS = YES;
				CLANG_ANALYZER_NONNULL = YES;
				CLANG_ANALYZER_NUMBER_OBJECT_CONVERSION = YES_AGGRESSIVE;
				CLANG_CXX_LANGUAGE_STANDARD = "gnu++20";
				CLANG_ENABLE_MODULES = YES;
				CLANG_ENABLE_OBJC_ARC = YES;
				CLANG_ENABLE_OBJC_WEAK = YES;
				CLANG_WARN_BLOCK_CAPTURE_AUTORELEASING = YES;
				CLANG_WARN_BOOL_CONVERSION = YES;
				CLANG_WARN_COMMA = YES;
				CLANG_WARN_CONSTANT_CONVERSION = YES;
				CLANG_WARN_DEPRECATED_OBJC_IMPLEMENTATIONS = YES;
				CLANG_WARN_DIRECT_OBJC_ISA_USAGE = YES_ERROR;
				CLANG_WARN_DOCUMENTATION_COMMENTS = YES;
				CLANG_WARN_EMPTY_BODY = YES;
				CLANG_WARN_ENUM_CONVERSION = YES;
				CLANG_WARN_INFINITE_RECURSION = YES;
				CLANG_WARN_INT_CONVERSION = YES;
				CLANG_WARN_NON_LITERAL_NULL_CONVERSION = YES;
				CLANG_WARN_OBJC_IMPLICIT_RETAIN_SELF = YES;
				CLANG_WARN_OBJC_LITERAL_CONVERSION = YES;
				CLANG_WARN_OBJC_ROOT_CLASS = YES_ERROR;
				CLANG_WARN_QUOTED_INCLUDE_IN_FRAMEWORK_HEADER = YES;
				CLANG_WARN_RANGE_LOOP_ANALYSIS = YES;
				CLANG_WARN_STRICT_PROTOTYPES = YES;
				CLANG_WARN_SUSPICIOUS_MOVE = YES;
				CLANG_WARN_UNGUARDED_AVAILABILITY = YES_AGGRESSIVE;
				CLANG_WARN_UNREACHABLE_CODE = YES;
				CLANG_WARN__DUPLICATE_METHOD_MATCH = YES;
				COPY_PHASE_STRIP = NO;
				DEBUG_INFORMATION_FORMAT = "dwarf-with-dsym";
				ENABLE_NS_ASSERTIONS = NO;
				ENABLE_STRICT_OBJC_MSGSEND = YES;
				ENABLE_USER_SCRIPT_SANDBOXING = NO;
				GCC_C_LANGUAGE_STANDARD = gnu17;
				GCC_NO_COMMON_BLOCKS = YES;
				GCC_WARN_64_TO_32_BIT_CONVERSION = YES;
				GCC_WARN_ABOUT_RETURN_TYPE = YES_ERROR;
				GCC_WARN_UNDECLARED_SELECTOR = YES;
				GCC_WARN_UNINITIALIZED_AUTOS = YES_AGGRESSIVE;
				GCC_WARN_UNUSED_FUNCTION = YES;
				GCC_WARN_UNUSED_VARIABLE = YES;
				IPHONEOS_DEPLOYMENT_TARGET = 16.0;
				LOCALIZATION_PREFERS_STRING_CATALOGS = YES;
				MTL_ENABLE_DEBUG_INFO = NO;
				MTL_FAST_MATH = YES;
				SDKROOT = iphoneos;
				SWIFT_COMPILATION_MODE = wholemodule;
				VALIDATE_PRODUCT = YES;
			};
			name = Release;
		};
		9332A37F2C11C1B8004E195E /* Debug */ = {
			isa = XCBuildConfiguration;
			baseConfigurationReference = FF7BB7FCA19095A643A0C6E9 /* Pods-Onboarding.debug.xcconfig */;
			buildSettings = {
				ASSETCATALOG_COMPILER_APPICON_NAME = AppIcon;
				ASSETCATALOG_COMPILER_GLOBAL_ACCENT_COLOR_NAME = AccentColor;
				CODE_SIGN_STYLE = Automatic;
				CURRENT_PROJECT_VERSION = 1;
				DEVELOPMENT_TEAM = 57CXKABA7X;
				GENERATE_INFOPLIST_FILE = YES;
				INFOPLIST_FILE = Onboarding/Resources/Info.plist;
				INFOPLIST_KEY_UIApplicationSupportsIndirectInputEvents = YES;
				INFOPLIST_KEY_UILaunchStoryboardName = LaunchScreen;
				INFOPLIST_KEY_UIMainStoryboardFile = Main;
				INFOPLIST_KEY_UISupportedInterfaceOrientations_iPad = "UIInterfaceOrientationPortrait UIInterfaceOrientationPortraitUpsideDown UIInterfaceOrientationLandscapeLeft UIInterfaceOrientationLandscapeRight";
				INFOPLIST_KEY_UISupportedInterfaceOrientations_iPhone = "UIInterfaceOrientationPortrait UIInterfaceOrientationLandscapeLeft UIInterfaceOrientationLandscapeRight";
				IPHONEOS_DEPLOYMENT_TARGET = 16.0;
				LD_RUNPATH_SEARCH_PATHS = (
					"$(inherited)",
					"@executable_path/Frameworks",
				);
				MARKETING_VERSION = 1.0;
				PRODUCT_BUNDLE_IDENTIFIER = com.hetmanProduction.Onboarding;
				PRODUCT_NAME = "$(TARGET_NAME)";
				SWIFT_EMIT_LOC_STRINGS = YES;
				SWIFT_VERSION = 5.0;
				TARGETED_DEVICE_FAMILY = "1,2";
			};
			name = Debug;
		};
		9332A3802C11C1B8004E195E /* Release */ = {
			isa = XCBuildConfiguration;
			baseConfigurationReference = 1406F42D5A3912FFD63270D3 /* Pods-Onboarding.release.xcconfig */;
			buildSettings = {
				ASSETCATALOG_COMPILER_APPICON_NAME = AppIcon;
				ASSETCATALOG_COMPILER_GLOBAL_ACCENT_COLOR_NAME = AccentColor;
				CODE_SIGN_STYLE = Automatic;
				CURRENT_PROJECT_VERSION = 1;
				DEVELOPMENT_TEAM = 57CXKABA7X;
				GENERATE_INFOPLIST_FILE = YES;
				INFOPLIST_FILE = Onboarding/Resources/Info.plist;
				INFOPLIST_KEY_UIApplicationSupportsIndirectInputEvents = YES;
				INFOPLIST_KEY_UILaunchStoryboardName = LaunchScreen;
				INFOPLIST_KEY_UIMainStoryboardFile = Main;
				INFOPLIST_KEY_UISupportedInterfaceOrientations_iPad = "UIInterfaceOrientationPortrait UIInterfaceOrientationPortraitUpsideDown UIInterfaceOrientationLandscapeLeft UIInterfaceOrientationLandscapeRight";
				INFOPLIST_KEY_UISupportedInterfaceOrientations_iPhone = "UIInterfaceOrientationPortrait UIInterfaceOrientationLandscapeLeft UIInterfaceOrientationLandscapeRight";
				IPHONEOS_DEPLOYMENT_TARGET = 16.0;
				LD_RUNPATH_SEARCH_PATHS = (
					"$(inherited)",
					"@executable_path/Frameworks",
				);
				MARKETING_VERSION = 1.0;
				PRODUCT_BUNDLE_IDENTIFIER = com.hetmanProduction.Onboarding;
				PRODUCT_NAME = "$(TARGET_NAME)";
				SWIFT_EMIT_LOC_STRINGS = YES;
				SWIFT_VERSION = 5.0;
				TARGETED_DEVICE_FAMILY = "1,2";
			};
			name = Release;
		};
/* End XCBuildConfiguration section */

/* Begin XCConfigurationList section */
		9332A3652C11C1B5004E195E /* Build configuration list for PBXProject "Onboarding" */ = {
			isa = XCConfigurationList;
			buildConfigurations = (
				9332A37C2C11C1B8004E195E /* Debug */,
				9332A37D2C11C1B8004E195E /* Release */,
			);
			defaultConfigurationIsVisible = 0;
			defaultConfigurationName = Release;
		};
		9332A37E2C11C1B8004E195E /* Build configuration list for PBXNativeTarget "Onboarding" */ = {
			isa = XCConfigurationList;
			buildConfigurations = (
				9332A37F2C11C1B8004E195E /* Debug */,
				9332A3802C11C1B8004E195E /* Release */,
			);
			defaultConfigurationIsVisible = 0;
			defaultConfigurationName = Release;
		};
/* End XCConfigurationList section */
	};
	rootObject = 9332A3622C11C1B5004E195E /* Project object */;
}
